
Microsoft Visual Studio Solution File, Format Version 12.00
# Visual Studio 15
VisualStudioVersion = 15.0.26403.3
MinimumVisualStudioVersion = 10.0.40219.1
Project("{FAE04EC0-301F-11D3-BF4B-00C04F79EFBC}") = "WorkFlowEngine", "WorkFlowEngine\WorkFlowEngine.csproj", "{1311513B-B6CF-4220-9C76-4969E265E925}"
EndProject
Project("{FAE04EC0-301F-11D3-BF4B-00C04F79EFBC}") = "WorkFlowPresentation", "WorkFlowPresentation\WorkFlowPresentation.csproj", "{35097E2C-555E-4D93-B82C-09020F2B2603}"
EndProject
Project("{FAE04EC0-301F-11D3-BF4B-00C04F79EFBC}") = "WorkFlowWebService", "WorkFlowWebService\WorkFlowWebService.csproj", "{2E00F6FE-3036-45F7-905E-33DCD0F94D5E}"
EndProject
Global
	GlobalSection(SolutionConfigurationPlatforms) = preSolution
		Debug|Any CPU = Debug|Any CPU
		Release|Any CPU = Release|Any CPU
	EndGlobalSection
	GlobalSection(ProjectConfigurationPlatforms) = postSolution
		{1311513B-B6CF-4220-9C76-4969E265E925}.Debug|Any CPU.ActiveCfg = Debug|Any CPU
		{1311513B-B6CF-4220-9C76-4969E265E925}.Debug|Any CPU.Build.0 = Debug|Any CPU
		{1311513B-B6CF-4220-9C76-4969E265E925}.Release|Any CPU.ActiveCfg = Release|Any CPU
		{1311513B-B6CF-4220-9C76-4969E265E925}.Release|Any CPU.Build.0 = Release|Any CPU
		{35097E2C-555E-4D93-B82C-09020F2B2603}.Debug|Any CPU.ActiveCfg = Debug|Any CPU
		{35097E2C-555E-4D93-B82C-09020F2B2603}.Debug|Any CPU.Build.0 = Debug|Any CPU
		{35097E2C-555E-4D93-B82C-09020F2B2603}.Release|Any CPU.ActiveCfg = Release|Any CPU
		{35097E2C-555E-4D93-B82C-09020F2B2603}.Release|Any CPU.Build.0 = Release|Any CPU
		{2E00F6FE-3036-45F7-905E-33DCD0F94D5E}.Debug|Any CPU.ActiveCfg = Debug|Any CPU
		{2E00F6FE-3036-45F7-905E-33DCD0F94D5E}.Debug|Any CPU.Build.0 = Debug|Any CPU
		{2E00F6FE-3036-45F7-905E-33DCD0F94D5E}.Release|Any CPU.ActiveCfg = Release|Any CPU
		{2E00F6FE-3036-45F7-905E-33DCD0F94D5E}.Release|Any CPU.Build.0 = Release|Any CPU
	EndGlobalSection
	GlobalSection(SolutionProperties) = preSolution
		HideSolutionNode = FALSE
	EndGlobalSection
	GlobalSection(ExtensibilityGlobals) = postSolution
		VisualSVNWorkingCopyRoot = .
	EndGlobalSection
EndGlobal
